{
  "name": "better-slides",
  "version": "1.0.0",
  "lockfileVersion": 1,
  "requires": true,
  "dependencies": {
    "@types/chrome": {
      "version": "0.0.63",
      "resolved": "https://registry.npmjs.org/@types/chrome/-/chrome-0.0.63.tgz",
      "integrity": "sha512-/c+IolVSKFvQ+RXCTbDedEtQEZ5+adKRYVICdzjAGZ5iHaEN7OLfog8fI0ke++1WkwG0E1daL3142Zr6o3YwSg==",
      "dev": true,
      "requires": {
        "@types/filesystem": "0.0.28"
      }
    },
    "@types/filesystem": {
      "version": "0.0.28",
      "resolved": "https://registry.npmjs.org/@types/filesystem/-/filesystem-0.0.28.tgz",
      "integrity": "sha1-P9dzWDDyx0E8taxFeAvEWQRpew4=",
      "dev": true,
      "requires": {
        "@types/filewriter": "0.0.28"
      }
    },
    "@types/filewriter": {
      "version": "0.0.28",
      "resolved": "https://registry.npmjs.org/@types/filewriter/-/filewriter-0.0.28.tgz",
      "integrity": "sha1-wFTor02d11205jq8dviFFocU1LM=",
      "dev": true
    },
    "typescript": {
      "version": "2.8.1",
      "resolved": "https://registry.npmjs.org/typescript/-/typescript-2.8.1.tgz",
      "integrity": "sha512-Ao/f6d/4EPLq0YwzsQz8iXflezpTkQzqAyenTiw4kCUGr1uPiFLC3+fZ+gMZz6eeI/qdRUqvC+HxIJzUAzEFdg==",
      "dev": true
    }
  }
}
